# THIS IS AN AUTOGENERATED FILE. DO NOT EDIT THIS FILE DIRECTLY.
# yarn lockfile v1


markdown-table@^2.0.0:
  version "2.0.0"
  resolved "https://registry.yarnpkg.com/markdown-table/-/markdown-table-2.0.0.tgz#194a90ced26d31fe753d8b9434430214c011865b"
  dependencies:
    repeat-string "^1.0.0"

notion-to-md@^2.5.6:
  version "2.5.6"
  resolved "https://registry.yarnpkg.com/notion-to-md/-/notion-to-md-2.5.6.tgz#6de56fbe0c389dfb6ee8d288206f646912d1af1f"
  dependencies:
    markdown-table "^2.0.0"

repeat-string@^1.0.0:
  version "1.6.1"
  resolved "https://registry.yarnpkg.com/repeat-string/-/repeat-string-1.6.1.tgz#8dcae470e1c88abc2d600fff4a776286da75e637"
